// !$*UTF8*$!
{
	archiveVersion = 1;
	classes = {
	};
	objectVersion = 55;
	objects = {

/* Begin PBXBuildFile section */
		6317426128132CEB005EEFE6 /* App Constants.swift in Sources */ = {isa = PBXBuildFile; fileRef = 6317426028132CEB005EEFE6 /* App Constants.swift */; };
		6317426328133536005EEFE6 /* Read File.swift in Sources */ = {isa = PBXBuildFile; fileRef = 6317426228133536005EEFE6 /* Read File.swift */; };
		6317426528133540005EEFE6 /* Write File.swift in Sources */ = {isa = PBXBuildFile; fileRef = 6317426428133540005EEFE6 /* Write File.swift */; };
		6317426728133716005EEFE6 /* Transfer Captions.swift in Sources */ = {isa = PBXBuildFile; fileRef = 6317426628133716005EEFE6 /* Transfer Captions.swift */; };
		6317426A281338BB005EEFE6 /* Write to Console.swift in Sources */ = {isa = PBXBuildFile; fileRef = 63174269281338BB005EEFE6 /* Write to Console.swift */; };
		6317426C281348B5005EEFE6 /* Find File.swift in Sources */ = {isa = PBXBuildFile; fileRef = 6317426B281348B4005EEFE6 /* Find File.swift */; };
		631742702813545C005EEFE6 /* Parse XML.swift in Sources */ = {isa = PBXBuildFile; fileRef = 6317426F2813545C005EEFE6 /* Parse XML.swift */; };
		63AF77FA2813157600495BCE /* main.swift in Sources */ = {isa = PBXBuildFile; fileRef = 63AF77F92813157600495BCE /* main.swift */; };
		63AF78032813203800495BCE /* Check if Stuff Exists.swift in Sources */ = {isa = PBXBuildFile; fileRef = 63AF78022813203700495BCE /* Check if Stuff Exists.swift */; };
/* End PBXBuildFile section */

/* Begin PBXCopyFilesBuildPhase section */
		63AF77F42813157600495BCE /* CopyFiles */ = {
			isa = PBXCopyFilesBuildPhase;
			buildActionMask = 2147483647;
			dstPath = /usr/share/man/man1/;
			dstSubfolderSpec = 0;
			files = (
			);
			runOnlyForDeploymentPostprocessing = 1;
		};
/* End PBXCopyFilesBuildPhase section */

/* Begin PBXFileReference section */
		6317426028132CEB005EEFE6 /* App Constants.swift */ = {isa = PBXFileReference; lastKnownFileType = sourcecode.swift; path = "App Constants.swift"; sourceTree = "<group>"; };
		6317426228133536005EEFE6 /* Read File.swift */ = {isa = PBXFileReference; lastKnownFileType = sourcecode.swift; path = "Read File.swift"; sourceTree = "<group>"; };
		6317426428133540005EEFE6 /* Write File.swift */ = {isa = PBXFileReference; lastKnownFileType = sourcecode.swift; path = "Write File.swift"; sourceTree = "<group>"; };
		6317426628133716005EEFE6 /* Transfer Captions.swift */ = {isa = PBXFileReference; lastKnownFileType = sourcecode.swift; path = "Transfer Captions.swift"; sourceTree = "<group>"; };
		63174269281338BB005EEFE6 /* Write to Console.swift */ = {isa = PBXFileReference; lastKnownFileType = sourcecode.swift; path = "Write to Console.swift"; sourceTree = "<group>"; };
		6317426B281348B4005EEFE6 /* Find File.swift */ = {isa = PBXFileReference; lastKnownFileType = sourcecode.swift; path = "Find File.swift"; sourceTree = "<group>"; };
		6317426F2813545C005EEFE6 /* Parse XML.swift */ = {isa = PBXFileReference; lastKnownFileType = sourcecode.swift; path = "Parse XML.swift"; sourceTree = "<group>"; };
		63AF77F62813157600495BCE /* A-I XHTML Caption Fixer */ = {isa = PBXFileReference; explicitFileType = "compiled.mach-o.executable"; includeInIndex = 0; path = "A-I XHTML Caption Fixer"; sourceTree = BUILT_PRODUCTS_DIR; };
		63AF77F92813157600495BCE /* main.swift */ = {isa = PBXFileReference; lastKnownFileType = sourcecode.swift; path = main.swift; sourceTree = "<group>"; };
		63AF78022813203700495BCE /* Check if Stuff Exists.swift */ = {isa = PBXFileReference; lastKnownFileType = sourcecode.swift; path = "Check if Stuff Exists.swift"; sourceTree = "<group>"; };
/* End PBXFileReference section */

/* Begin PBXFrameworksBuildPhase section */
		63AF77F32813157600495BCE /* Frameworks */ = {
			isa = PBXFrameworksBuildPhase;
			buildActionMask = 2147483647;
			files = (
			);
			runOnlyForDeploymentPostprocessing = 0;
		};
/* End PBXFrameworksBuildPhase section */

/* Begin PBXGroup section */
		63174268281338A7005EEFE6 /* Console Output */ = {
			isa = PBXGroup;
			children = (
				63174269281338BB005EEFE6 /* Write to Console.swift */,
			);
			path = "Console Output";
			sourceTree = "<group>";
		};
		6317426D281348BB005EEFE6 /* Read */ = {
			isa = PBXGroup;
			children = (
				63AF78022813203700495BCE /* Check if Stuff Exists.swift */,
				6317426228133536005EEFE6 /* Read File.swift */,
				6317426B281348B4005EEFE6 /* Find File.swift */,
			);
			path = Read;
			sourceTree = "<group>";
		};
		6317426E281348C0005EEFE6 /* Write */ = {
			isa = PBXGroup;
			children = (
				6317426428133540005EEFE6 /* Write File.swift */,
			);
			path = Write;
			sourceTree = "<group>";
		};
		63AF77ED2813157600495BCE = {
			isa = PBXGroup;
			children = (
				63AF77F82813157600495BCE /* A-I XHTML Caption Fixer */,
				63AF77F72813157600495BCE /* Products */,
			);
			sourceTree = "<group>";
		};
		63AF77F72813157600495BCE /* Products */ = {
			isa = PBXGroup;
			children = (
				63AF77F62813157600495BCE /* A-I XHTML Caption Fixer */,
			);
			name = Products;
			sourceTree = "<group>";
		};
		63AF77F82813157600495BCE /* A-I XHTML Caption Fixer */ = {
			isa = PBXGroup;
			children = (
				63174268281338A7005EEFE6 /* Console Output */,
				63AF78012813169100495BCE /* Logic */,
				63AF78002813168500495BCE /* File Handlers */,
				63AF77F92813157600495BCE /* main.swift */,
				6317426028132CEB005EEFE6 /* App Constants.swift */,
			);
			path = "A-I XHTML Caption Fixer";
			sourceTree = "<group>";
		};
		63AF78002813168500495BCE /* File Handlers */ = {
			isa = PBXGroup;
			children = (
				6317426E281348C0005EEFE6 /* Write */,
				6317426D281348BB005EEFE6 /* Read */,
			);
			path = "File Handlers";
			sourceTree = "<group>";
		};
		63AF78012813169100495BCE /* Logic */ = {
			isa = PBXGroup;
			children = (
				6317426628133716005EEFE6 /* Transfer Captions.swift */,
				6317426F2813545C005EEFE6 /* Parse XML.swift */,
			);
			path = Logic;
			sourceTree = "<group>";
		};
/* End PBXGroup section */

/* Begin PBXNativeTarget section */
		63AF77F52813157600495BCE /* A-I XHTML Caption Fixer */ = {
			isa = PBXNativeTarget;
			buildConfigurationList = 63AF77FD2813157600495BCE /* Build configuration list for PBXNativeTarget "A-I XHTML Caption Fixer" */;
			buildPhases = (
				63AF77F22813157600495BCE /* Sources */,
				63AF77F32813157600495BCE /* Frameworks */,
				63AF77F42813157600495BCE /* CopyFiles */,
			);
			buildRules = (
			);
			dependencies = (
			);
			name = "A-I XHTML Caption Fixer";
			productName = "A-I XHTML Caption Fixer";
			productReference = 63AF77F62813157600495BCE /* A-I XHTML Caption Fixer */;
			productType = "com.apple.product-type.tool";
		};
/* End PBXNativeTarget section */

/* Begin PBXProject section */
		63AF77EE2813157600495BCE /* Project object */ = {
			isa = PBXProject;
			attributes = {
				BuildIndependentTargetsInParallel = 1;
				LastSwiftUpdateCheck = 1330;
				LastUpgradeCheck = 1330;
				TargetAttributes = {
					63AF77F52813157600495BCE = {
						CreatedOnToolsVersion = 13.3.1;
					};
				};
			};
			buildConfigurationList = 63AF77F12813157600495BCE /* Build configuration list for PBXProject "A-I XHTML Caption Fixer" */;
			compatibilityVersion = "Xcode 13.0";
			developmentRegion = en;
			hasScannedForEncodings = 0;
			knownRegions = (
				en,
				Base,
			);
			mainGroup = 63AF77ED2813157600495BCE;
			productRefGroup = 63AF77F72813157600495BCE /* Products */;
			projectDirPath = "";
			projectRoot = "";
			targets = (
				63AF77F52813157600495BCE /* A-I XHTML Caption Fixer */,
			);
		};
/* End PBXProject section */

/* Begin PBXSourcesBuildPhase section */
		63AF77F22813157600495BCE /* Sources */ = {
			isa = PBXSourcesBuildPhase;
			buildActionMask = 2147483647;
			files = (
				6317426128132CEB005EEFE6 /* App Constants.swift in Sources */,
				6317426A281338BB005EEFE6 /* Write to Console.swift in Sources */,
				63AF78032813203800495BCE /* Check if Stuff Exists.swift in Sources */,
				63AF77FA2813157600495BCE /* main.swift in Sources */,
				631742702813545C005EEFE6 /* Parse XML.swift in Sources */,
				6317426C281348B5005EEFE6 /* Find File.swift in Sources */,
				6317426528133540005EEFE6 /* Write File.swift in Sources */,
				6317426728133716005EEFE6 /* Transfer Captions.swift in Sources */,
				6317426328133536005EEFE6 /* Read File.swift in Sources */,
			);
			runOnlyForDeploymentPostprocessing = 0;
		};
/* End PBXSourcesBuildPhase section */

/* Begin XCBuildConfiguration section */
		63AF77FB2813157600495BCE /* Debug */ = {
			isa = XCBuildConfiguration;
			buildSettings = {
				ALWAYS_SEARCH_USER_PATHS = NO;
				CLANG_ANALYZER_NONNULL = YES;
				CLANG_ANALYZER_NUMBER_OBJECT_CONVERSION = YES_AGGRESSIVE;
				CLANG_CXX_LANGUAGE_STANDARD = "gnu++17";
				CLANG_ENABLE_MODULES = YES;
				CLANG_ENABLE_OBJC_ARC = YES;
				CLANG_ENABLE_OBJC_WEAK = YES;
				CLANG_WARN_BLOCK_CAPTURE_AUTORELEASING = YES;
				CLANG_WARN_BOOL_CONVERSION = YES;
				CLANG_WARN_COMMA = YES;
				CLANG_WARN_CONSTANT_CONVERSION = YES;
				CLANG_WARN_DEPRECATED_OBJC_IMPLEMENTATIONS = YES;
				CLANG_WARN_DIRECT_OBJC_ISA_USAGE = YES_ERROR;
				CLANG_WARN_DOCUMENTATION_COMMENTS = YES;
				CLANG_WARN_EMPTY_BODY = YES;
				CLANG_WARN_ENUM_CONVERSION = YES;
				CLANG_WARN_INFINITE_RECURSION = YES;
				CLANG_WARN_INT_CONVERSION = YES;
				CLANG_WARN_NON_LITERAL_NULL_CONVERSION = YES;
				CLANG_WARN_OBJC_IMPLICIT_RETAIN_SELF = YES;
				CLANG_WARN_OBJC_LITERAL_CONVERSION = YES;
				CLANG_WARN_OBJC_ROOT_CLASS = YES_ERROR;
				CLANG_WARN_QUOTED_INCLUDE_IN_FRAMEWORK_HEADER = YES;
				CLANG_WARN_RANGE_LOOP_ANALYSIS = YES;
				CLANG_WARN_STRICT_PROTOTYPES = YES;
				CLANG_WARN_SUSPICIOUS_MOVE = YES;
				CLANG_WARN_UNGUARDED_AVAILABILITY = YES_AGGRESSIVE;
				CLANG_WARN_UNREACHABLE_CODE = YES;
				CLANG_WARN__DUPLICATE_METHOD_MATCH = YES;
				COPY_PHASE_STRIP = NO;
				DEBUG_INFORMATION_FORMAT = dwarf;
				ENABLE_STRICT_OBJC_MSGSEND = YES;
				ENABLE_TESTABILITY = YES;
				GCC_C_LANGUAGE_STANDARD = gnu11;
				GCC_DYNAMIC_NO_PIC = NO;
				GCC_NO_COMMON_BLOCKS = YES;
				GCC_OPTIMIZATION_LEVEL = 0;
				GCC_PREPROCESSOR_DEFINITIONS = (
					"DEBUG=1",
					"$(inherited)",
				);
				GCC_WARN_64_TO_32_BIT_CONVERSION = YES;
				GCC_WARN_ABOUT_RETURN_TYPE = YES_ERROR;
				GCC_WARN_UNDECLARED_SELECTOR = YES;
				GCC_WARN_UNINITIALIZED_AUTOS = YES_AGGRESSIVE;
				GCC_WARN_UNUSED_FUNCTION = YES;
				GCC_WARN_UNUSED_VARIABLE = YES;
				MACOSX_DEPLOYMENT_TARGET = 12.3;
				MTL_ENABLE_DEBUG_INFO = INCLUDE_SOURCE;
				MTL_FAST_MATH = YES;
				ONLY_ACTIVE_ARCH = YES;
				SDKROOT = macosx;
				SWIFT_ACTIVE_COMPILATION_CONDITIONS = DEBUG;
				SWIFT_OPTIMIZATION_LEVEL = "-Onone";
			};
			name = Debug;
		};
		63AF77FC2813157600495BCE /* Release */ = {
			isa = XCBuildConfiguration;
			buildSettings = {
				ALWAYS_SEARCH_USER_PATHS = NO;
				CLANG_ANALYZER_NONNULL = YES;
				CLANG_ANALYZER_NUMBER_OBJECT_CONVERSION = YES_AGGRESSIVE;
				CLANG_CXX_LANGUAGE_STANDARD = "gnu++17";
				CLANG_ENABLE_MODULES = YES;
				CLANG_ENABLE_OBJC_ARC = YES;
				CLANG_ENABLE_OBJC_WEAK = YES;
				CLANG_WARN_BLOCK_CAPTURE_AUTORELEASING = YES;
				CLANG_WARN_BOOL_CONVERSION = YES;
				CLANG_WARN_COMMA = YES;
				CLANG_WARN_CONSTANT_CONVERSION = YES;
				CLANG_WARN_DEPRECATED_OBJC_IMPLEMENTATIONS = YES;
				CLANG_WARN_DIRECT_OBJC_ISA_USAGE = YES_ERROR;
				CLANG_WARN_DOCUMENTATION_COMMENTS = YES;
				CLANG_WARN_EMPTY_BODY = YES;
				CLANG_WARN_ENUM_CONVERSION = YES;
				CLANG_WARN_INFINITE_RECURSION = YES;
				CLANG_WARN_INT_CONVERSION = YES;
				CLANG_WARN_NON_LITERAL_NULL_CONVERSION = YES;
				CLANG_WARN_OBJC_IMPLICIT_RETAIN_SELF = YES;
				CLANG_WARN_OBJC_LITERAL_CONVERSION = YES;
				CLANG_WARN_OBJC_ROOT_CLASS = YES_ERROR;
				CLANG_WARN_QUOTED_INCLUDE_IN_FRAMEWORK_HEADER = YES;
				CLANG_WARN_RANGE_LOOP_ANALYSIS = YES;
				CLANG_WARN_STRICT_PROTOTYPES = YES;
				CLANG_WARN_SUSPICIOUS_MOVE = YES;
				CLANG_WARN_UNGUARDED_AVAILABILITY = YES_AGGRESSIVE;
				CLANG_WARN_UNREACHABLE_CODE = YES;
				CLANG_WARN__DUPLICATE_METHOD_MATCH = YES;
				COPY_PHASE_STRIP = NO;
				DEBUG_INFORMATION_FORMAT = "dwarf-with-dsym";
				ENABLE_NS_ASSERTIONS = NO;
				ENABLE_STRICT_OBJC_MSGSEND = YES;
				GCC_C_LANGUAGE_STANDARD = gnu11;
				GCC_NO_COMMON_BLOCKS = YES;
				GCC_WARN_64_TO_32_BIT_CONVERSION = YES;
				GCC_WARN_ABOUT_RETURN_TYPE = YES_ERROR;
				GCC_WARN_UNDECLARED_SELECTOR = YES;
				GCC_WARN_UNINITIALIZED_AUTOS = YES_AGGRESSIVE;
				GCC_WARN_UNUSED_FUNCTION = YES;
				GCC_WARN_UNUSED_VARIABLE = YES;
				MACOSX_DEPLOYMENT_TARGET = 12.3;
				MTL_ENABLE_DEBUG_INFO = NO;
				MTL_FAST_MATH = YES;
				SDKROOT = macosx;
				SWIFT_COMPILATION_MODE = wholemodule;
				SWIFT_OPTIMIZATION_LEVEL = "-O";
			};
			name = Release;
		};
		63AF77FE2813157600495BCE /* Debug */ = {
			isa = XCBuildConfiguration;
			buildSettings = {
				CODE_SIGN_STYLE = Automatic;
				PRODUCT_NAME = "$(TARGET_NAME)";
				SWIFT_VERSION = 5.0;
			};
			name = Debug;
		};
		63AF77FF2813157600495BCE /* Release */ = {
			isa = XCBuildConfiguration;
			buildSettings = {
				CODE_SIGN_STYLE = Automatic;
				PRODUCT_NAME = "$(TARGET_NAME)";
				SWIFT_VERSION = 5.0;
			};
			name = Release;
		};
/* End XCBuildConfiguration section */

/* Begin XCConfigurationList section */
		63AF77F12813157600495BCE /* Build configuration list for PBXProject "A-I XHTML Caption Fixer" */ = {
			isa = XCConfigurationList;
			buildConfigurations = (
				63AF77FB2813157600495BCE /* Debug */,
				63AF77FC2813157600495BCE /* Release */,
			);
			defaultConfigurationIsVisible = 0;
			defaultConfigurationName = Release;
		};
		63AF77FD2813157600495BCE /* Build configuration list for PBXNativeTarget "A-I XHTML Caption Fixer" */ = {
			isa = XCConfigurationList;
			buildConfigurations = (
				63AF77FE2813157600495BCE /* Debug */,
				63AF77FF2813157600495BCE /* Release */,
			);
			defaultConfigurationIsVisible = 0;
			defaultConfigurationName = Release;
		};
/* End XCConfigurationList section */
	};
	rootObject = 63AF77EE2813157600495BCE /* Project object */;
}
